// !$*UTF8*$!
{
	archiveVersion = 1;
	classes = {
	};
	objectVersion = 46;
	objects = {

/* Begin PBXBuildFile section */
		A1BAC69A1D6EDEEC001C4B8E /* main.m in Sources */ = {isa = PBXBuildFile; fileRef = A1BAC6991D6EDEEC001C4B8E /* main.m */; };
		A1BAC69D1D6EDEEC001C4B8E /* AppDelegate.m in Sources */ = {isa = PBXBuildFile; fileRef = A1BAC69C1D6EDEEC001C4B8E /* AppDelegate.m */; };
		A1BAC6A01D6EDEEC001C4B8E /* ViewController.m in Sources */ = {isa = PBXBuildFile; fileRef = A1BAC69F1D6EDEEC001C4B8E /* ViewController.m */; };
		A1BAC6A31D6EDEEC001C4B8E /* Main.storyboard in Resources */ = {isa = PBXBuildFile; fileRef = A1BAC6A11D6EDEEC001C4B8E /* Main.storyboard */; };
		A1BAC6A51D6EDEEC001C4B8E /* Assets.xcassets in Resources */ = {isa = PBXBuildFile; fileRef = A1BAC6A41D6EDEEC001C4B8E /* Assets.xcassets */; };
		A1BAC6A81D6EDEEC001C4B8E /* LaunchScreen.storyboard in Resources */ = {isa = PBXBuildFile; fileRef = A1BAC6A61D6EDEEC001C4B8E /* LaunchScreen.storyboard */; };
		A1BAC6B11D6EE3C0001C4B8E /* JDToolBar.m in Sources */ = {isa = PBXBuildFile; fileRef = A1BAC6B01D6EE3C0001C4B8E /* JDToolBar.m */; };
		A1BAC6B31D6EE3D9001C4B8E /* JDToolBar.xib in Resources */ = {isa = PBXBuildFile; fileRef = A1BAC6B21D6EE3D9001C4B8E /* JDToolBar.xib */; };
		A1BAC6B61D6EE4A6001C4B8E /* JDVerticalButton.m in Sources */ = {isa = PBXBuildFile; fileRef = A1BAC6B51D6EE4A6001C4B8E /* JDVerticalButton.m */; };
		A1BAC6B91D6EE544001C4B8E /* UIView+JDExtension.m in Sources */ = {isa = PBXBuildFile; fileRef = A1BAC6B81D6EE544001C4B8E /* UIView+JDExtension.m */; };
/* End PBXBuildFile section */

/* Begin PBXFileReference section */
		A1BAC6951D6EDEEB001C4B8E /* SwitchViewControllerDemo.app */ = {isa = PBXFileReference; explicitFileType = wrapper.application; includeInIndex = 0; path = SwitchViewControllerDemo.app; sourceTree = BUILT_PRODUCTS_DIR; };
		A1BAC6991D6EDEEC001C4B8E /* main.m */ = {isa = PBXFileReference; lastKnownFileType = sourcecode.c.objc; path = main.m; sourceTree = "<group>"; };
		A1BAC69B1D6EDEEC001C4B8E /* AppDelegate.h */ = {isa = PBXFileReference; lastKnownFileType = sourcecode.c.h; path = AppDelegate.h; sourceTree = "<group>"; };
		A1BAC69C1D6EDEEC001C4B8E /* AppDelegate.m */ = {isa = PBXFileReference; lastKnownFileType = sourcecode.c.objc; path = AppDelegate.m; sourceTree = "<group>"; };
		A1BAC69E1D6EDEEC001C4B8E /* ViewController.h */ = {isa = PBXFileReference; lastKnownFileType = sourcecode.c.h; path = ViewController.h; sourceTree = "<group>"; };
		A1BAC69F1D6EDEEC001C4B8E /* ViewController.m */ = {isa = PBXFileReference; lastKnownFileType = sourcecode.c.objc; path = ViewController.m; sourceTree = "<group>"; };
		A1BAC6A21D6EDEEC001C4B8E /* Base */ = {isa = PBXFileReference; lastKnownFileType = file.storyboard; name = Base; path = Base.lproj/Main.storyboard; sourceTree = "<group>"; };
		A1BAC6A41D6EDEEC001C4B8E /* Assets.xcassets */ = {isa = PBXFileReference; lastKnownFileType = folder.assetcatalog; path = Assets.xcassets; sourceTree = "<group>"; };
		A1BAC6A71D6EDEEC001C4B8E /* Base */ = {isa = PBXFileReference; lastKnownFileType = file.storyboard; name = Base; path = Base.lproj/LaunchScreen.storyboard; sourceTree = "<group>"; };
		A1BAC6A91D6EDEEC001C4B8E /* Info.plist */ = {isa = PBXFileReference; lastKnownFileType = text.plist.xml; path = Info.plist; sourceTree = "<group>"; };
		A1BAC6AF1D6EE3C0001C4B8E /* JDToolBar.h */ = {isa = PBXFileReference; fileEncoding = 4; lastKnownFileType = sourcecode.c.h; path = JDToolBar.h; sourceTree = "<group>"; };
		A1BAC6B01D6EE3C0001C4B8E /* JDToolBar.m */ = {isa = PBXFileReference; fileEncoding = 4; lastKnownFileType = sourcecode.c.objc; path = JDToolBar.m; sourceTree = "<group>"; };
		A1BAC6B21D6EE3D9001C4B8E /* JDToolBar.xib */ = {isa = PBXFileReference; fileEncoding = 4; lastKnownFileType = file.xib; path = JDToolBar.xib; sourceTree = "<group>"; };
		A1BAC6B41D6EE4A6001C4B8E /* JDVerticalButton.h */ = {isa = PBXFileReference; fileEncoding = 4; lastKnownFileType = sourcecode.c.h; path = JDVerticalButton.h; sourceTree = "<group>"; };
		A1BAC6B51D6EE4A6001C4B8E /* JDVerticalButton.m */ = {isa = PBXFileReference; fileEncoding = 4; lastKnownFileType = sourcecode.c.objc; path = JDVerticalButton.m; sourceTree = "<group>"; };
		A1BAC6B71D6EE544001C4B8E /* UIView+JDExtension.h */ = {isa = PBXFileReference; fileEncoding = 4; lastKnownFileType = sourcecode.c.h; path = "UIView+JDExtension.h"; sourceTree = "<group>"; };
		A1BAC6B81D6EE544001C4B8E /* UIView+JDExtension.m */ = {isa = PBXFileReference; fileEncoding = 4; lastKnownFileType = sourcecode.c.objc; path = "UIView+JDExtension.m"; sourceTree = "<group>"; };
/* End PBXFileReference section */

/* Begin PBXFrameworksBuildPhase section */
		A1BAC6921D6EDEEB001C4B8E /* Frameworks */ = {
			isa = PBXFrameworksBuildPhase;
			buildActionMask = 2147483647;
			files = (
			);
			runOnlyForDeploymentPostprocessing = 0;
		};
/* End PBXFrameworksBuildPhase section */

/* Begin PBXGroup section */
		A1BAC68C1D6EDEEB001C4B8E = {
			isa = PBXGroup;
			children = (
				A1BAC6971D6EDEEC001C4B8E /* SwitchViewControllerDemo */,
				A1BAC6961D6EDEEB001C4B8E /* Products */,
			);
			sourceTree = "<group>";
		};
		A1BAC6961D6EDEEB001C4B8E /* Products */ = {
			isa = PBXGroup;
			children = (
				A1BAC6951D6EDEEB001C4B8E /* SwitchViewControllerDemo.app */,
			);
			name = Products;
			sourceTree = "<group>";
		};
		A1BAC6971D6EDEEC001C4B8E /* SwitchViewControllerDemo */ = {
			isa = PBXGroup;
			children = (
				A1BAC69B1D6EDEEC001C4B8E /* AppDelegate.h */,
				A1BAC69C1D6EDEEC001C4B8E /* AppDelegate.m */,
				A1BAC69E1D6EDEEC001C4B8E /* ViewController.h */,
				A1BAC69F1D6EDEEC001C4B8E /* ViewController.m */,
				A1BAC6A11D6EDEEC001C4B8E /* Main.storyboard */,
				A1BAC6A41D6EDEEC001C4B8E /* Assets.xcassets */,
				A1BAC6A61D6EDEEC001C4B8E /* LaunchScreen.storyboard */,
				A1BAC6A91D6EDEEC001C4B8E /* Info.plist */,
				A1BAC6981D6EDEEC001C4B8E /* Supporting Files */,
				A1BAC6AF1D6EE3C0001C4B8E /* JDToolBar.h */,
				A1BAC6B01D6EE3C0001C4B8E /* JDToolBar.m */,
				A1BAC6B21D6EE3D9001C4B8E /* JDToolBar.xib */,
				A1BAC6B41D6EE4A6001C4B8E /* JDVerticalButton.h */,
				A1BAC6B51D6EE4A6001C4B8E /* JDVerticalButton.m */,
				A1BAC6B71D6EE544001C4B8E /* UIView+JDExtension.h */,
				A1BAC6B81D6EE544001C4B8E /* UIView+JDExtension.m */,
			);
			path = SwitchViewControllerDemo;
			sourceTree = "<group>";
		};
		A1BAC6981D6EDEEC001C4B8E /* Supporting Files */ = {
			isa = PBXGroup;
			children = (
				A1BAC6991D6EDEEC001C4B8E /* main.m */,
			);
			name = "Supporting Files";
			sourceTree = "<group>";
		};
/* End PBXGroup section */

/* Begin PBXNativeTarget section */
		A1BAC6941D6EDEEB001C4B8E /* SwitchViewControllerDemo */ = {
			isa = PBXNativeTarget;
			buildConfigurationList = A1BAC6AC1D6EDEEC001C4B8E /* Build configuration list for PBXNativeTarget "SwitchViewControllerDemo" */;
			buildPhases = (
				A1BAC6911D6EDEEB001C4B8E /* Sources */,
				A1BAC6921D6EDEEB001C4B8E /* Frameworks */,
				A1BAC6931D6EDEEB001C4B8E /* Resources */,
			);
			buildRules = (
			);
			dependencies = (
			);
			name = SwitchViewControllerDemo;
			productName = SwitchViewControllerDemo;
			productReference = A1BAC6951D6EDEEB001C4B8E /* SwitchViewControllerDemo.app */;
			productType = "com.apple.product-type.application";
		};
/* End PBXNativeTarget section */

/* Begin PBXProject section */
		A1BAC68D1D6EDEEB001C4B8E /* Project object */ = {
			isa = PBXProject;
			attributes = {
				LastUpgradeCheck = 0730;
				ORGANIZATIONNAME = Jude;
				TargetAttributes = {
					A1BAC6941D6EDEEB001C4B8E = {
						CreatedOnToolsVersion = 7.3.1;
					};
				};
			};
			buildConfigurationList = A1BAC6901D6EDEEB001C4B8E /* Build configuration list for PBXProject "SwitchViewControllerDemo" */;
			compatibilityVersion = "Xcode 3.2";
			developmentRegion = English;
			hasScannedForEncodings = 0;
			knownRegions = (
				en,
				Base,
			);
			mainGroup = A1BAC68C1D6EDEEB001C4B8E;
			productRefGroup = A1BAC6961D6EDEEB001C4B8E /* Products */;
			projectDirPath = "";
			projectRoot = "";
			targets = (
				A1BAC6941D6EDEEB001C4B8E /* SwitchViewControllerDemo */,
			);
		};
/* End PBXProject section */

/* Begin PBXResourcesBuildPhase section */
		A1BAC6931D6EDEEB001C4B8E /* Resources */ = {
			isa = PBXResourcesBuildPhase;
			buildActionMask = 2147483647;
			files = (
				A1BAC6A81D6EDEEC001C4B8E /* LaunchScreen.storyboard in Resources */,
				A1BAC6A51D6EDEEC001C4B8E /* Assets.xcassets in Resources */,
				A1BAC6A31D6EDEEC001C4B8E /* Main.storyboard in Resources */,
				A1BAC6B31D6EE3D9001C4B8E /* JDToolBar.xib in Resources */,
			);
			runOnlyForDeploymentPostprocessing = 0;
		};
/* End PBXResourcesBuildPhase section */

/* Begin PBXSourcesBuildPhase section */
		A1BAC6911D6EDEEB001C4B8E /* Sources */ = {
			isa = PBXSourcesBuildPhase;
			buildActionMask = 2147483647;
			files = (
				A1BAC6B91D6EE544001C4B8E /* UIView+JDExtension.m in Sources */,
				A1BAC6A01D6EDEEC001C4B8E /* ViewController.m in Sources */,
				A1BAC6B61D6EE4A6001C4B8E /* JDVerticalButton.m in Sources */,
				A1BAC69D1D6EDEEC001C4B8E /* AppDelegate.m in Sources */,
				A1BAC69A1D6EDEEC001C4B8E /* main.m in Sources */,
				A1BAC6B11D6EE3C0001C4B8E /* JDToolBar.m in Sources */,
			);
			runOnlyForDeploymentPostprocessing = 0;
		};
/* End PBXSourcesBuildPhase section */

/* Begin PBXVariantGroup section */
		A1BAC6A11D6EDEEC001C4B8E /* Main.storyboard */ = {
			isa = PBXVariantGroup;
			children = (
				A1BAC6A21D6EDEEC001C4B8E /* Base */,
			);
			name = Main.storyboard;
			sourceTree = "<group>";
		};
		A1BAC6A61D6EDEEC001C4B8E /* LaunchScreen.storyboard */ = {
			isa = PBXVariantGroup;
			children = (
				A1BAC6A71D6EDEEC001C4B8E /* Base */,
			);
			name = LaunchScreen.storyboard;
			sourceTree = "<group>";
		};
/* End PBXVariantGroup section */

/* Begin XCBuildConfiguration section */
		A1BAC6AA1D6EDEEC001C4B8E /* Debug */ = {
			isa = XCBuildConfiguration;
			buildSettings = {
				ALWAYS_SEARCH_USER_PATHS = NO;
				CLANG_ANALYZER_NONNULL = YES;
				CLANG_CXX_LANGUAGE_STANDARD = "gnu++0x";
				CLANG_CXX_LIBRARY = "libc++";
				CLANG_ENABLE_MODULES = YES;
				CLANG_ENABLE_OBJC_ARC = YES;
				CLANG_WARN_BOOL_CONVERSION = YES;
				CLANG_WARN_CONSTANT_CONVERSION = YES;
				CLANG_WARN_DIRECT_OBJC_ISA_USAGE = YES_ERROR;
				CLANG_WARN_EMPTY_BODY = YES;
				CLANG_WARN_ENUM_CONVERSION = YES;
				CLANG_WARN_INT_CONVERSION = YES;
				CLANG_WARN_OBJC_ROOT_CLASS = YES_ERROR;
				CLANG_WARN_UNREACHABLE_CODE = YES;
				CLANG_WARN__DUPLICATE_METHOD_MATCH = YES;
				"CODE_SIGN_IDENTITY[sdk=iphoneos*]" = "iPhone Developer";
				COPY_PHASE_STRIP = NO;
				DEBUG_INFORMATION_FORMAT = dwarf;
				ENABLE_STRICT_OBJC_MSGSEND = YES;
				ENABLE_TESTABILITY = YES;
				GCC_C_LANGUAGE_STANDARD = gnu99;
				GCC_DYNAMIC_NO_PIC = NO;
				GCC_NO_COMMON_BLOCKS = YES;
				GCC_OPTIMIZATION_LEVEL = 0;
				GCC_PREPROCESSOR_DEFINITIONS = (
					"DEBUG=1",
					"$(inherited)",
				);
				GCC_WARN_64_TO_32_BIT_CONVERSION = YES;
				GCC_WARN_ABOUT_RETURN_TYPE = YES_ERROR;
				GCC_WARN_UNDECLARED_SELECTOR = YES;
				GCC_WARN_UNINITIALIZED_AUTOS = YES_AGGRESSIVE;
				GCC_WARN_UNUSED_FUNCTION = YES;
				GCC_WARN_UNUSED_VARIABLE = YES;
				IPHONEOS_DEPLOYMENT_TARGET = 9.3;
				MTL_ENABLE_DEBUG_INFO = YES;
				ONLY_ACTIVE_ARCH = YES;
				SDKROOT = iphoneos;
				TARGETED_DEVICE_FAMILY = "1,2";
			};
			name = Debug;
		};
		A1BAC6AB1D6EDEEC001C4B8E /* Release */ = {
			isa = XCBuildConfiguration;
			buildSettings = {
				ALWAYS_SEARCH_USER_PATHS = NO;
				CLANG_ANALYZER_NONNULL = YES;
				CLANG_CXX_LANGUAGE_STANDARD = "gnu++0x";
				CLANG_CXX_LIBRARY = "libc++";
				CLANG_ENABLE_MODULES = YES;
				CLANG_ENABLE_OBJC_ARC = YES;
				CLANG_WARN_BOOL_CONVERSION = YES;
				CLANG_WARN_CONSTANT_CONVERSION = YES;
				CLANG_WARN_DIRECT_OBJC_ISA_USAGE = YES_ERROR;
				CLANG_WARN_EMPTY_BODY = YES;
				CLANG_WARN_ENUM_CONVERSION = YES;
				CLANG_WARN_INT_CONVERSION = YES;
				CLANG_WARN_OBJC_ROOT_CLASS = YES_ERROR;
				CLANG_WARN_UNREACHABLE_CODE = YES;
				CLANG_WARN__DUPLICATE_METHOD_MATCH = YES;
				"CODE_SIGN_IDENTITY[sdk=iphoneos*]" = "iPhone Developer";
				COPY_PHASE_STRIP = NO;
				DEBUG_INFORMATION_FORMAT = "dwarf-with-dsym";
				ENABLE_NS_ASSERTIONS = NO;
				ENABLE_STRICT_OBJC_MSGSEND = YES;
				GCC_C_LANGUAGE_STANDARD = gnu99;
				GCC_NO_COMMON_BLOCKS = YES;
				GCC_WARN_64_TO_32_BIT_CONVERSION = YES;
				GCC_WARN_ABOUT_RETURN_TYPE = YES_ERROR;
				GCC_WARN_UNDECLARED_SELECTOR = YES;
				GCC_WARN_UNINITIALIZED_AUTOS = YES_AGGRESSIVE;
				GCC_WARN_UNUSED_FUNCTION = YES;
				GCC_WARN_UNUSED_VARIABLE = YES;
				IPHONEOS_DEPLOYMENT_TARGET = 9.3;
				MTL_ENABLE_DEBUG_INFO = NO;
				SDKROOT = iphoneos;
				TARGETED_DEVICE_FAMILY = "1,2";
				VALIDATE_PRODUCT = YES;
			};
			name = Release;
		};
		A1BAC6AD1D6EDEEC001C4B8E /* Debug */ = {
			isa = XCBuildConfiguration;
			buildSettings = {
				ASSETCATALOG_COMPILER_APPICON_NAME = AppIcon;
				INFOPLIST_FILE = SwitchViewControllerDemo/Info.plist;
				IPHONEOS_DEPLOYMENT_TARGET = 9.0;
				LD_RUNPATH_SEARCH_PATHS = "$(inherited) @executable_path/Frameworks";
				PRODUCT_BUNDLE_IDENTIFIER = xiaoya.SwitchViewControllerDemo;
				PRODUCT_NAME = "$(TARGET_NAME)";
			};
			name = Debug;
		};
		A1BAC6AE1D6EDEEC001C4B8E /* Release */ = {
			isa = XCBuildConfiguration;
			buildSettings = {
				ASSETCATALOG_COMPILER_APPICON_NAME = AppIcon;
				INFOPLIST_FILE = SwitchViewControllerDemo/Info.plist;
				IPHONEOS_DEPLOYMENT_TARGET = 9.0;
				LD_RUNPATH_SEARCH_PATHS = "$(inherited) @executable_path/Frameworks";
				PRODUCT_BUNDLE_IDENTIFIER = xiaoya.SwitchViewControllerDemo;
				PRODUCT_NAME = "$(TARGET_NAME)";
			};
			name = Release;
		};
/* End XCBuildConfiguration section */

/* Begin XCConfigurationList section */
		A1BAC6901D6EDEEB001C4B8E /* Build configuration list for PBXProject "SwitchViewControllerDemo" */ = {
			isa = XCConfigurationList;
			buildConfigurations = (
				A1BAC6AA1D6EDEEC001C4B8E /* Debug */,
				A1BAC6AB1D6EDEEC001C4B8E /* Release */,
			);
			defaultConfigurationIsVisible = 0;
			defaultConfigurationName = Release;
		};
		A1BAC6AC1D6EDEEC001C4B8E /* Build configuration list for PBXNativeTarget "SwitchViewControllerDemo" */ = {
			isa = XCConfigurationList;
			buildConfigurations = (
				A1BAC6AD1D6EDEEC001C4B8E /* Debug */,
				A1BAC6AE1D6EDEEC001C4B8E /* Release */,
			);
			defaultConfigurationIsVisible = 0;
		};
/* End XCConfigurationList section */
	};
	rootObject = A1BAC68D1D6EDEEB001C4B8E /* Project object */;
}
